{
    "_meta": {
        "hash": {
            "sha256": "71b34a942451ca0de46a0ddfacd2daf68909805a6cc9e6c91bec1dab430051ec"
        },
        "pipfile-spec": 6,
        "requires": {
            "python_version": "3.13"
        },
        "sources": [
            {
                "name": "pypi",
                "url": "https://pypi.org/simple",
                "verify_ssl": true
            }
        ]
    },
    "default": {
        "asgiref": {
            "hashes": [
                "sha256:89b2ef2247e3b562a16eef663bc0e2e703ec6468e2fa8a5cd61cd449786d4f6e",
                "sha256:9e0ce3aa93a819ba5b45120216b23878cf6e8525eb3848653452b4192b92afed"
            ],
            "index": "pypi",
            "markers": "python_version >= '3.7'",
            "version": "==3.7.2"
        },
        "babel": {
            "hashes": [
                "sha256:6919867db036398ba21eb5c7a0f6b28ab8cbc3ae7a73a44ebe34ae74a4e7d363",
                "sha256:efb1a25b7118e67ce3a259bed20545c29cb68be8ad2c784c83689981b7a57287"
            ],
            "index": "pypi",
            "markers": "python_version >= '3.7'",
            "version": "==2.14.0"
        },
        "django": {
            "hashes": [
                "sha256:3a9fd52b8dbeae335ddf4a9dfa6c6a0853a1122f1fb071a8d5eca979f73a05c8",
                "sha256:7d29e14dfbc19cb6a95a4bd669edbde11f5d4c6a71fdaa42c2d40b6846e807f7"
            ],
            "index": "pypi",
            "markers": "python_version >= '3.10'",
            "version": "==5.0"
        },
        "django-address": {
            "hashes": [
                "sha256:aa0c5b90524d4dee43162929cceb1c546f859c4a16a3fc0497a4896b7ace4236"
            ],
            "index": "pypi",
            "version": "==0.2.8"
        },
        "django-mathfilters": {
            "hashes": [
                "sha256:64200a21bb249fbf27be601d4bbb788779e09c6e063170c097cd82c4d18ebb83",
                "sha256:c9b892ef6dfc893683e75cfd0279c187a601ca68f4684c38f9da44657fb64b07"
            ],
            "index": "pypi",
            "version": "==1.0.0"
        },
        "django-money": {
            "hashes": [
                "sha256:0c15c957c4c1571c7492675608c2ce54d1d446bce9957d042669acca14b732c9",
                "sha256:aef49da4ae3ff27791d03204062f4a294bdb5dd8554dcd398866c46c54461486"
            ],
            "index": "pypi",
            "markers": "python_version >= '3.7'",
            "version": "==3.4.1"
        },
        "django-phonenumber-field": {
            "hashes": [
                "sha256:16778f2717ea2aecc6178beb0d6bc431c78c6a8b0474e1fa8face040efeb6e9e",
                "sha256:20c7c5c449e33eed5fd45ef8d3dc668faabaeff3277eddd1892b262d686ba381"
            ],
            "index": "pypi",
            "markers": "python_version >= '3.8'",
            "version": "==7.2.0"
        },
        "phonenumbers": {
            "hashes": [
                "sha256:97269235cfd99b907d96bf6223599d3347010ea93bba9d06f88629c021fc2166",
                "sha256:983bda7a3a8b2fad31806db109d4d36b2758ed16d0ab7ad5e737541a67d4637e"
            ],
            "index": "pypi",
            "version": "==8.13.27"
        },
        "py-moneyed": {
            "hashes": [
                "sha256:4906f0f02cf2b91edba2e156f2d4e9a78f224059ab8c8fa2ff26230c75d894e8",
                "sha256:9583a14f99c05b46196193d8185206e9b73c8439fc8a5eee9cfc7e733676d9bb"
            ],
            "index": "pypi",
            "markers": "python_version >= '3.7'",
            "version": "==3.0"
        },
        "setuptools": {
            "hashes": [
                "sha256:1e8fdff6797d3865f37397be788a4e3cba233608e9b509382a2777d25ebde7f2",
                "sha256:735896e78a4742605974de002ac60562d286fa8051a7e2299445e8e8fbb01aa6"
            ],
            "markers": "python_version >= '3.8'",
            "version": "==69.0.2"
        },
        "sqlparse": {
            "hashes": [
                "sha256:5430a4fe2ac7d0f93e66f1efc6e1338a41884b7ddf2a350cedd20ccc4d9d28f3",
                "sha256:d446183e84b8349fa3061f0fe7f06ca94ba65b426946ffebe6e3e8295332420c"
            ],
            "index": "pypi",
            "markers": "python_version >= '3.5'",
            "version": "==0.4.4"
        },
        "typing-extensions": {
            "hashes": [
                "sha256:23478f88c37f27d76ac8aee6c905017a143b0b1b886c3c9f66bc2fd94f9f5783",
                "sha256:af72aea155e91adfc61c3ae9e0e342dbc0cba726d6cba4b6c72c1f34e47291cd"
            ],
            "index": "pypi",
            "markers": "python_version >= '3.8'",
            "version": "==4.9.0"
        },
        "tzdata": {
            "hashes": [
                "sha256:11ef1e08e54acb0d4f95bdb1be05da659673de4acbd21bf9c69e94cc5e907a3a",
                "sha256:7e65763eef3120314099b6939b5546db7adce1e7d6f2e179e3df563c70511eda"
            ],
            "index": "pypi",
            "markers": "python_version >= '2'",
            "version": "==2023.3"
        }
    },
    "develop": {}
}
