{
    "_meta": {
        "hash": {
            "sha256": "68ff33672695dd2cde8a2be8907c8618a996b26b977b75034d2fd30c73c961ad"
        },
        "pipfile-spec": 6,
        "requires": {
            "python_version": "3.11"
        },
        "sources": [
            {
                "name": "pypi",
                "url": "https://pypi.org/simple",
                "verify_ssl": true
            }
        ]
    },
    "default": {
        "asgiref": {
            "hashes": [
                "sha256:89b2ef2247e3b562a16eef663bc0e2e703ec6468e2fa8a5cd61cd449786d4f6e",
                "sha256:9e0ce3aa93a819ba5b45120216b23878cf6e8525eb3848653452b4192b92afed"
            ],
            "index": "pypi",
            "markers": "python_version >= '3.7'",
            "version": "==3.7.2"
        },
        "babel": {
            "hashes": [
                "sha256:b4246fb7677d3b98f501a39d43396d3cafdc8eadb045f4a31be01863f655c610",
                "sha256:cc2d99999cd01d44420ae725a21c9e3711b3aadc7976d6147f622d8581963455"
            ],
            "index": "pypi",
            "markers": "python_version >= '3.7'",
            "version": "==2.12.1"
        },
        "django": {
            "hashes": [
                "sha256:5e5c1c9548ffb7796b4a8a4782e9a2e5a3df3615259fc1bfd3ebc73b646146c1",
                "sha256:b6b2b5cae821077f137dc4dade696a1c2aa292f892eca28fa8d7bfdf2608ddd4"
            ],
            "index": "pypi",
            "markers": "python_version >= '3.8'",
            "version": "==4.2.5"
        },
        "django-address": {
            "hashes": [
                "sha256:aa0c5b90524d4dee43162929cceb1c546f859c4a16a3fc0497a4896b7ace4236"
            ],
            "index": "pypi",
            "version": "==0.2.8"
        },
        "django-mathfilters": {
            "hashes": [
                "sha256:64200a21bb249fbf27be601d4bbb788779e09c6e063170c097cd82c4d18ebb83",
                "sha256:c9b892ef6dfc893683e75cfd0279c187a601ca68f4684c38f9da44657fb64b07"
            ],
            "index": "pypi",
            "version": "==1.0.0"
        },
        "django-money": {
            "hashes": [
                "sha256:2e4174b47993780bf4b61ad3fa0a66ebe140da42fdbe68b628c7ba9788287214",
                "sha256:3099f906407175af06b56ef3ff5c250e2fc525ff00f50d42f77b98597e625459"
            ],
            "index": "pypi",
            "markers": "python_version >= '3.7'",
            "version": "==3.2.0"
        },
        "django-phonenumber-field": {
            "hashes": [
                "sha256:4eaab35fe9a163046dc3a47188771385c56a788e0e11b7bbcc662e1e6b7b9104",
                "sha256:63721dbdc7424cd594a08d80f550e790cf6e7c903cbc0fb4dd9d86baac8b8c51"
            ],
            "index": "pypi",
            "markers": "python_version >= '3.7'",
            "version": "==7.1.0"
        },
        "phonenumbers": {
            "hashes": [
                "sha256:97f151fc904b0d6274dd92b02c82a7936e7dcaf9c7204f2f3e9c7ed0381f5098",
                "sha256:bf2b35a806d37979e5361109429da46d9a047e59d9af98639d733c834e7dab22"
            ],
            "index": "pypi",
            "version": "==8.13.20"
        },
        "py-moneyed": {
            "hashes": [
                "sha256:4906f0f02cf2b91edba2e156f2d4e9a78f224059ab8c8fa2ff26230c75d894e8",
                "sha256:9583a14f99c05b46196193d8185206e9b73c8439fc8a5eee9cfc7e733676d9bb"
            ],
            "index": "pypi",
            "markers": "python_version >= '3.7'",
            "version": "==3.0"
        },
        "setuptools": {
            "hashes": [
                "sha256:00478ca80aeebeecb2f288d3206b0de568df5cd2b8fada1209843cc9a8d88a48",
                "sha256:af3d5949030c3f493f550876b2fd1dd5ec66689c4ee5d5344f009746f71fd5a8"
            ],
            "markers": "python_version >= '3.8'",
            "version": "==68.2.0"
        },
        "sqlparse": {
            "hashes": [
                "sha256:5430a4fe2ac7d0f93e66f1efc6e1338a41884b7ddf2a350cedd20ccc4d9d28f3",
                "sha256:d446183e84b8349fa3061f0fe7f06ca94ba65b426946ffebe6e3e8295332420c"
            ],
            "index": "pypi",
            "markers": "python_version >= '3.5'",
            "version": "==0.4.4"
        },
        "typing-extensions": {
            "hashes": [
                "sha256:440d5dd3af93b060174bf433bccd69b0babc3b15b1a8dca43789fd7f61514b36",
                "sha256:b75ddc264f0ba5615db7ba217daeb99701ad295353c45f9e95963337ceeeffb2"
            ],
            "index": "pypi",
            "markers": "python_version >= '3.7'",
            "version": "==4.7.1"
        },
        "tzdata": {
            "hashes": [
                "sha256:11ef1e08e54acb0d4f95bdb1be05da659673de4acbd21bf9c69e94cc5e907a3a",
                "sha256:7e65763eef3120314099b6939b5546db7adce1e7d6f2e179e3df563c70511eda"
            ],
            "index": "pypi",
            "markers": "python_version >= '2'",
            "version": "==2023.3"
        }
    },
    "develop": {}
}
